{
  "name": "Meal Swipes Calculator",
  "lockfileVersion": 3,
  "requires": true,
  "packages": {
    "": {
      "dependencies": {
        "datetime-js": "^4.0.0"
      }
    },
    "node_modules/datetime-js": {
      "version": "4.0.0",
      "resolved": "https://registry.npmjs.org/datetime-js/-/datetime-js-4.0.0.tgz",
      "integrity": "sha512-o1J0OkwqOCBcQYHTPGEW29UJEUJKqMVk92x93+B/0ULbN9D9bsQJyaivmPahdg92JmpMhZetdqoAD9tavUoTWA=="
    }
  }
}
